# @generated - this file is auto-generated by `mise lock` https://mise.en.dev/dev-tools/mise-lock.html

[[tools.clang-format]]
version = "20.1.2"
backend = "asdf:clang-format"

[[tools."github:clj-kondo/clj-kondo"]]
version = "2026.04.15"
backend = "github:clj-kondo/clj-kondo"

[[tools."github:weavejester/cljfmt"]]
version = "0.16.4"
backend = "github:weavejester/cljfmt"
